
Microsoft Visual Studio Solution File, Format Version 12.00
# Visual Studio Version 16
VisualStudioVersion = 16.0.31424.327
MinimumVisualStudioVersion = 10.0.40219.1
Project("{FAE04EC0-301F-11D3-BF4B-00C04F79EFBC}") = "Savify-Desktop", "Savify-Desktop\Savify-Desktop.csproj", "{6A5BBB72-1F8C-4FBD-B59F-9C948FEFF7C7}"
EndProject
Global
	GlobalSection(SolutionConfigurationPlatforms) = preSolution
		Debug|Any CPU = Debug|Any CPU
		Release|Any CPU = Release|Any CPU
	EndGlobalSection
	GlobalSection(ProjectConfigurationPlatforms) = postSolution
		{6A5BBB72-1F8C-4FBD-B59F-9C948FEFF7C7}.Debug|Any CPU.ActiveCfg = Debug|Any CPU
		{6A5BBB72-1F8C-4FBD-B59F-9C948FEFF7C7}.Debug|Any CPU.Build.0 = Debug|Any CPU
		{6A5BBB72-1F8C-4FBD-B59F-9C948FEFF7C7}.Release|Any CPU.ActiveCfg = Release|Any CPU
		{6A5BBB72-1F8C-4FBD-B59F-9C948FEFF7C7}.Release|Any CPU.Build.0 = Release|Any CPU
	EndGlobalSection
	GlobalSection(SolutionProperties) = preSolution
		HideSolutionNode = FALSE
	EndGlobalSection
	GlobalSection(ExtensibilityGlobals) = postSolution
		SolutionGuid = {66127E80-DCA8-4A48-BE93-C957C4B087DA}
	EndGlobalSection
EndGlobal
